PODS:
  - Alamofire (4.6.0)
  - SimplePDF (3.0.0)

DEPENDENCIES:
  - Alamofire (~> 4.6)
  - SimplePDF

SPEC CHECKSUMS:
  Alamofire: f41a599bd63041760b26d393ec1069d9d7b917f4
  SimplePDF: 903143ede36965886997a5c1bc6b8940b082ba20

PODFILE CHECKSUM: 4eb1644f4cd5b3a015dbf3316d748e9c01376c03

COCOAPODS: 1.4.0
