// !$*UTF8*$!
{
	archiveVersion = 1;
	classes = {
	};
	objectVersion = 48;
	objects = {

/* Begin PBXBuildFile section */
		8C0F0FA22050438D00ACB935 /* PickerVC.swift in Sources */ = {isa = PBXBuildFile; fileRef = 8C0F0FA12050438D00ACB935 /* PickerVC.swift */; };
		8C0F0FA420504BBC00ACB935 /* SettingsVC.swift in Sources */ = {isa = PBXBuildFile; fileRef = 8C0F0FA320504BBC00ACB935 /* SettingsVC.swift */; };
		8C3ACA5A20417F150056B4E8 /* AppDelegate.swift in Sources */ = {isa = PBXBuildFile; fileRef = 8C3ACA5920417F150056B4E8 /* AppDelegate.swift */; };
		8C3ACA5C20417F150056B4E8 /* CameraVC.swift in Sources */ = {isa = PBXBuildFile; fileRef = 8C3ACA5B20417F150056B4E8 /* CameraVC.swift */; };
		8C3ACA5F20417F150056B4E8 /* Main.storyboard in Resources */ = {isa = PBXBuildFile; fileRef = 8C3ACA5D20417F150056B4E8 /* Main.storyboard */; };
		8C3ACA6420417F150056B4E8 /* Assets.xcassets in Resources */ = {isa = PBXBuildFile; fileRef = 8C3ACA6320417F150056B4E8 /* Assets.xcassets */; };
		8C3ACA6720417F150056B4E8 /* LaunchScreen.storyboard in Resources */ = {isa = PBXBuildFile; fileRef = 8C3ACA6520417F150056B4E8 /* LaunchScreen.storyboard */; };
		8C3ACA73204193570056B4E8 /* LanguageTranslatorV2.framework in Frameworks */ = {isa = PBXBuildFile; fileRef = 8C3ACA72204193570056B4E8 /* LanguageTranslatorV2.framework */; };
		8C3ACA76204197D00056B4E8 /* SqueezeNet.mlmodel in Sources */ = {isa = PBXBuildFile; fileRef = 8C3ACA75204197D00056B4E8 /* SqueezeNet.mlmodel */; };
		8C3ACA792041BE700056B4E8 /* ImagePreviewCircle.swift in Sources */ = {isa = PBXBuildFile; fileRef = 8C3ACA782041BE700056B4E8 /* ImagePreviewCircle.swift */; };
		8C4D9236205C2E6E002C1149 /* Oblate.xcdatamodeld in Sources */ = {isa = PBXBuildFile; fileRef = 8C4D9234205C2E6E002C1149 /* Oblate.xcdatamodeld */; };
		8C4D9238205ED03B002C1149 /* EditVC.swift in Sources */ = {isa = PBXBuildFile; fileRef = 8C4D9237205ED03B002C1149 /* EditVC.swift */; };
		8CCE257B20516A9900ED84BB /* RoundedSideButton.swift in Sources */ = {isa = PBXBuildFile; fileRef = 8CCE257A20516A9800ED84BB /* RoundedSideButton.swift */; };
		8CCE257D20518FCE00ED84BB /* languageArray.swift in Sources */ = {isa = PBXBuildFile; fileRef = 8CCE257C20518FCE00ED84BB /* languageArray.swift */; };
		8CCE259C2051D9C200ED84BB /* Image+CoreDataClass copy.swift in Sources */ = {isa = PBXBuildFile; fileRef = 8CCE25962051D9BF00ED84BB /* Image+CoreDataClass copy.swift */; };
		8CCE259D2051D9C200ED84BB /* Title+CoreDataClass copy.swift in Sources */ = {isa = PBXBuildFile; fileRef = 8CCE25972051D9C000ED84BB /* Title+CoreDataClass copy.swift */; };
		8CCE259E2051D9C200ED84BB /* Title+CoreDataProperties copy.swift in Sources */ = {isa = PBXBuildFile; fileRef = 8CCE25982051D9C000ED84BB /* Title+CoreDataProperties copy.swift */; };
		8CCE259F2051D9C200ED84BB /* Image+CoreDataProperties copy.swift in Sources */ = {isa = PBXBuildFile; fileRef = 8CCE25992051D9C000ED84BB /* Image+CoreDataProperties copy.swift */; };
		8CE374D4204C86800095931A /* GalleryVC.swift in Sources */ = {isa = PBXBuildFile; fileRef = 8CE374D3204C86800095931A /* GalleryVC.swift */; };
		8CE374D6204C8C7C0095931A /* GridFlowLayout.swift in Sources */ = {isa = PBXBuildFile; fileRef = 8CE374D5204C8C7C0095931A /* GridFlowLayout.swift */; };
		8CE374D8204D2BF90095931A /* GalleryCell.swift in Sources */ = {isa = PBXBuildFile; fileRef = 8CE374D7204D2BF90095931A /* GalleryCell.swift */; };
		8CE374DA204D39F20095931A /* ImageVC.swift in Sources */ = {isa = PBXBuildFile; fileRef = 8CE374D9204D39F20095931A /* ImageVC.swift */; };
		DB69AB59D388A5CD89BFE66D /* Pods_Oblate.framework in Frameworks */ = {isa = PBXBuildFile; fileRef = 4F7F6777648DDC4E8158A7D0 /* Pods_Oblate.framework */; };
/* End PBXBuildFile section */

/* Begin PBXFileReference section */
		4F7F6777648DDC4E8158A7D0 /* Pods_Oblate.framework */ = {isa = PBXFileReference; explicitFileType = wrapper.framework; includeInIndex = 0; path = Pods_Oblate.framework; sourceTree = BUILT_PRODUCTS_DIR; };
		7B177540CDC321C567C1BE0C /* Pods-Oblate.release.xcconfig */ = {isa = PBXFileReference; includeInIndex = 1; lastKnownFileType = text.xcconfig; name = "Pods-Oblate.release.xcconfig"; path = "Pods/Target Support Files/Pods-Oblate/Pods-Oblate.release.xcconfig"; sourceTree = "<group>"; };
		8C0F0FA12050438D00ACB935 /* PickerVC.swift */ = {isa = PBXFileReference; lastKnownFileType = sourcecode.swift; path = PickerVC.swift; sourceTree = "<group>"; };
		8C0F0FA320504BBC00ACB935 /* SettingsVC.swift */ = {isa = PBXFileReference; lastKnownFileType = sourcecode.swift; path = SettingsVC.swift; sourceTree = "<group>"; };
		8C3ACA5620417F150056B4E8 /* Oblate.app */ = {isa = PBXFileReference; explicitFileType = wrapper.application; includeInIndex = 0; path = Oblate.app; sourceTree = BUILT_PRODUCTS_DIR; };
		8C3ACA5920417F150056B4E8 /* AppDelegate.swift */ = {isa = PBXFileReference; lastKnownFileType = sourcecode.swift; path = AppDelegate.swift; sourceTree = "<group>"; };
		8C3ACA5B20417F150056B4E8 /* CameraVC.swift */ = {isa = PBXFileReference; lastKnownFileType = sourcecode.swift; path = CameraVC.swift; sourceTree = "<group>"; };
		8C3ACA5E20417F150056B4E8 /* Base */ = {isa = PBXFileReference; lastKnownFileType = file.storyboard; name = Base; path = Base.lproj/Main.storyboard; sourceTree = "<group>"; };
		8C3ACA6320417F150056B4E8 /* Assets.xcassets */ = {isa = PBXFileReference; lastKnownFileType = folder.assetcatalog; path = Assets.xcassets; sourceTree = "<group>"; };
		8C3ACA6620417F150056B4E8 /* Base */ = {isa = PBXFileReference; lastKnownFileType = file.storyboard; name = Base; path = Base.lproj/LaunchScreen.storyboard; sourceTree = "<group>"; };
		8C3ACA6820417F150056B4E8 /* Info.plist */ = {isa = PBXFileReference; lastKnownFileType = text.plist.xml; path = Info.plist; sourceTree = "<group>"; };
		8C3ACA72204193570056B4E8 /* LanguageTranslatorV2.framework */ = {isa = PBXFileReference; lastKnownFileType = wrapper.framework; name = LanguageTranslatorV2.framework; path = Carthage/Build/iOS/LanguageTranslatorV2.framework; sourceTree = SOURCE_ROOT; };
		8C3ACA75204197D00056B4E8 /* SqueezeNet.mlmodel */ = {isa = PBXFileReference; lastKnownFileType = file.mlmodel; path = SqueezeNet.mlmodel; sourceTree = "<group>"; };
		8C3ACA782041BE700056B4E8 /* ImagePreviewCircle.swift */ = {isa = PBXFileReference; lastKnownFileType = sourcecode.swift; path = ImagePreviewCircle.swift; sourceTree = "<group>"; };
		8C4D9235205C2E6E002C1149 /* Oblate.xcdatamodel */ = {isa = PBXFileReference; lastKnownFileType = wrapper.xcdatamodel; path = Oblate.xcdatamodel; sourceTree = "<group>"; };
		8C4D9237205ED03B002C1149 /* EditVC.swift */ = {isa = PBXFileReference; lastKnownFileType = sourcecode.swift; path = EditVC.swift; sourceTree = "<group>"; };
		8CCE257A20516A9800ED84BB /* RoundedSideButton.swift */ = {isa = PBXFileReference; lastKnownFileType = sourcecode.swift; path = RoundedSideButton.swift; sourceTree = "<group>"; };
		8CCE257C20518FCE00ED84BB /* languageArray.swift */ = {isa = PBXFileReference; lastKnownFileType = sourcecode.swift; path = languageArray.swift; sourceTree = "<group>"; };
		8CCE25962051D9BF00ED84BB /* Image+CoreDataClass copy.swift */ = {isa = PBXFileReference; fileEncoding = 4; lastKnownFileType = sourcecode.swift; path = "Image+CoreDataClass copy.swift"; sourceTree = "<group>"; };
		8CCE25972051D9C000ED84BB /* Title+CoreDataClass copy.swift */ = {isa = PBXFileReference; fileEncoding = 4; lastKnownFileType = sourcecode.swift; path = "Title+CoreDataClass copy.swift"; sourceTree = "<group>"; };
		8CCE25982051D9C000ED84BB /* Title+CoreDataProperties copy.swift */ = {isa = PBXFileReference; fileEncoding = 4; lastKnownFileType = sourcecode.swift; path = "Title+CoreDataProperties copy.swift"; sourceTree = "<group>"; };
		8CCE25992051D9C000ED84BB /* Image+CoreDataProperties copy.swift */ = {isa = PBXFileReference; fileEncoding = 4; lastKnownFileType = sourcecode.swift; path = "Image+CoreDataProperties copy.swift"; sourceTree = "<group>"; };
		8CE374D3204C86800095931A /* GalleryVC.swift */ = {isa = PBXFileReference; lastKnownFileType = sourcecode.swift; path = GalleryVC.swift; sourceTree = "<group>"; };
		8CE374D5204C8C7C0095931A /* GridFlowLayout.swift */ = {isa = PBXFileReference; lastKnownFileType = sourcecode.swift; path = GridFlowLayout.swift; sourceTree = "<group>"; };
		8CE374D7204D2BF90095931A /* GalleryCell.swift */ = {isa = PBXFileReference; lastKnownFileType = sourcecode.swift; path = GalleryCell.swift; sourceTree = "<group>"; };
		8CE374D9204D39F20095931A /* ImageVC.swift */ = {isa = PBXFileReference; lastKnownFileType = sourcecode.swift; path = ImageVC.swift; sourceTree = "<group>"; };
		8DEEB976A6AD0ED10CC010FE /* Pods-Oblate.debug.xcconfig */ = {isa = PBXFileReference; includeInIndex = 1; lastKnownFileType = text.xcconfig; name = "Pods-Oblate.debug.xcconfig"; path = "Pods/Target Support Files/Pods-Oblate/Pods-Oblate.debug.xcconfig"; sourceTree = "<group>"; };
/* End PBXFileReference section */

/* Begin PBXFrameworksBuildPhase section */
		8C3ACA5320417F150056B4E8 /* Frameworks */ = {
			isa = PBXFrameworksBuildPhase;
			buildActionMask = 2147483647;
			files = (
				8C3ACA73204193570056B4E8 /* LanguageTranslatorV2.framework in Frameworks */,
				DB69AB59D388A5CD89BFE66D /* Pods_Oblate.framework in Frameworks */,
			);
			runOnlyForDeploymentPostprocessing = 0;
		};
/* End PBXFrameworksBuildPhase section */

/* Begin PBXGroup section */
		309FE0C1E2ADDB7BE4B93988 /* Pods */ = {
			isa = PBXGroup;
			children = (
				8DEEB976A6AD0ED10CC010FE /* Pods-Oblate.debug.xcconfig */,
				7B177540CDC321C567C1BE0C /* Pods-Oblate.release.xcconfig */,
			);
			name = Pods;
			sourceTree = "<group>";
		};
		8C3ACA4D20417F150056B4E8 = {
			isa = PBXGroup;
			children = (
				8C3ACA5820417F150056B4E8 /* Oblate */,
				8C3ACA5720417F150056B4E8 /* Products */,
				309FE0C1E2ADDB7BE4B93988 /* Pods */,
				CFF18CB2B5E4D0590CDBE9DE /* Frameworks */,
			);
			sourceTree = "<group>";
		};
		8C3ACA5720417F150056B4E8 /* Products */ = {
			isa = PBXGroup;
			children = (
				8C3ACA5620417F150056B4E8 /* Oblate.app */,
			);
			name = Products;
			sourceTree = "<group>";
		};
		8C3ACA5820417F150056B4E8 /* Oblate */ = {
			isa = PBXGroup;
			children = (
				8C3ACA74204197B50056B4E8 /* Resources */,
				8C3ACA71204193320056B4E8 /* Frameworks */,
				8C3ACA6E20417F4F0056B4E8 /* Model */,
				8C3ACA6F20417F560056B4E8 /* View */,
				8C3ACA7020417F5F0056B4E8 /* Controller */,
				8C3ACA5920417F150056B4E8 /* AppDelegate.swift */,
				8C3ACA5D20417F150056B4E8 /* Main.storyboard */,
				8C3ACA6320417F150056B4E8 /* Assets.xcassets */,
				8C3ACA6520417F150056B4E8 /* LaunchScreen.storyboard */,
				8C3ACA6820417F150056B4E8 /* Info.plist */,
				8C4D9234205C2E6E002C1149 /* Oblate.xcdatamodeld */,
			);
			path = Oblate;
			sourceTree = "<group>";
		};
		8C3ACA6E20417F4F0056B4E8 /* Model */ = {
			isa = PBXGroup;
			children = (
				8CCE25992051D9C000ED84BB /* Image+CoreDataProperties copy.swift */,
				8CCE25982051D9C000ED84BB /* Title+CoreDataProperties copy.swift */,
				8CCE25972051D9C000ED84BB /* Title+CoreDataClass copy.swift */,
				8CCE25962051D9BF00ED84BB /* Image+CoreDataClass copy.swift */,
			);
			path = Model;
			sourceTree = "<group>";
		};
		8C3ACA6F20417F560056B4E8 /* View */ = {
			isa = PBXGroup;
			children = (
				8C3ACA782041BE700056B4E8 /* ImagePreviewCircle.swift */,
				8CE374D5204C8C7C0095931A /* GridFlowLayout.swift */,
				8CE374D7204D2BF90095931A /* GalleryCell.swift */,
				8CCE257A20516A9800ED84BB /* RoundedSideButton.swift */,
			);
			path = View;
			sourceTree = "<group>";
		};
		8C3ACA7020417F5F0056B4E8 /* Controller */ = {
			isa = PBXGroup;
			children = (
				8C3ACA5B20417F150056B4E8 /* CameraVC.swift */,
				8CE374D3204C86800095931A /* GalleryVC.swift */,
				8CE374D9204D39F20095931A /* ImageVC.swift */,
				8C0F0FA12050438D00ACB935 /* PickerVC.swift */,
				8C0F0FA320504BBC00ACB935 /* SettingsVC.swift */,
				8C4D9237205ED03B002C1149 /* EditVC.swift */,
			);
			path = Controller;
			sourceTree = "<group>";
		};
		8C3ACA71204193320056B4E8 /* Frameworks */ = {
			isa = PBXGroup;
			children = (
				8C3ACA72204193570056B4E8 /* LanguageTranslatorV2.framework */,
			);
			path = Frameworks;
			sourceTree = "<group>";
		};
		8C3ACA74204197B50056B4E8 /* Resources */ = {
			isa = PBXGroup;
			children = (
				8C3ACA75204197D00056B4E8 /* SqueezeNet.mlmodel */,
				8CCE257C20518FCE00ED84BB /* languageArray.swift */,
			);
			path = Resources;
			sourceTree = "<group>";
		};
		CFF18CB2B5E4D0590CDBE9DE /* Frameworks */ = {
			isa = PBXGroup;
			children = (
				4F7F6777648DDC4E8158A7D0 /* Pods_Oblate.framework */,
			);
			name = Frameworks;
			sourceTree = "<group>";
		};
/* End PBXGroup section */

/* Begin PBXNativeTarget section */
		8C3ACA5520417F150056B4E8 /* Oblate */ = {
			isa = PBXNativeTarget;
			buildConfigurationList = 8C3ACA6B20417F150056B4E8 /* Build configuration list for PBXNativeTarget "Oblate" */;
			buildPhases = (
				6FB8DBD63056A2F5029FC35B /* [CP] Check Pods Manifest.lock */,
				8C3ACA5220417F150056B4E8 /* Sources */,
				8C3ACA5320417F150056B4E8 /* Frameworks */,
				8C3ACA5420417F150056B4E8 /* Resources */,
				8C3ACA772041AAD30056B4E8 /* ShellScript */,
				2F6D4C06424F38732F2A3ED6 /* [CP] Embed Pods Frameworks */,
				FD27C35555E1F810FE00CB48 /* [CP] Copy Pods Resources */,
			);
			buildRules = (
			);
			dependencies = (
			);
			name = Oblate;
			productName = Oblate;
			productReference = 8C3ACA5620417F150056B4E8 /* Oblate.app */;
			productType = "com.apple.product-type.application";
		};
/* End PBXNativeTarget section */

/* Begin PBXProject section */
		8C3ACA4E20417F150056B4E8 /* Project object */ = {
			isa = PBXProject;
			attributes = {
				LastSwiftUpdateCheck = 0920;
				LastUpgradeCheck = 0920;
				ORGANIZATIONNAME = "Trevor Lyons";
				TargetAttributes = {
					8C3ACA5520417F150056B4E8 = {
						CreatedOnToolsVersion = 9.2;
						ProvisioningStyle = Automatic;
					};
				};
			};
			buildConfigurationList = 8C3ACA5120417F150056B4E8 /* Build configuration list for PBXProject "Oblate" */;
			compatibilityVersion = "Xcode 8.0";
			developmentRegion = en;
			hasScannedForEncodings = 0;
			knownRegions = (
				en,
				Base,
			);
			mainGroup = 8C3ACA4D20417F150056B4E8;
			productRefGroup = 8C3ACA5720417F150056B4E8 /* Products */;
			projectDirPath = "";
			projectRoot = "";
			targets = (
				8C3ACA5520417F150056B4E8 /* Oblate */,
			);
		};
/* End PBXProject section */

/* Begin PBXResourcesBuildPhase section */
		8C3ACA5420417F150056B4E8 /* Resources */ = {
			isa = PBXResourcesBuildPhase;
			buildActionMask = 2147483647;
			files = (
				8C3ACA6720417F150056B4E8 /* LaunchScreen.storyboard in Resources */,
				8C3ACA6420417F150056B4E8 /* Assets.xcassets in Resources */,
				8C3ACA5F20417F150056B4E8 /* Main.storyboard in Resources */,
			);
			runOnlyForDeploymentPostprocessing = 0;
		};
/* End PBXResourcesBuildPhase section */

/* Begin PBXShellScriptBuildPhase section */
		2F6D4C06424F38732F2A3ED6 /* [CP] Embed Pods Frameworks */ = {
			isa = PBXShellScriptBuildPhase;
			buildActionMask = 2147483647;
			files = (
			);
			inputPaths = (
				"${SRCROOT}/Pods/Target Support Files/Pods-Oblate/Pods-Oblate-frameworks.sh",
				"${BUILT_PRODUCTS_DIR}/Alamofire/Alamofire.framework",
				"${BUILT_PRODUCTS_DIR}/SimplePDF/SimplePDF.framework",
			);
			name = "[CP] Embed Pods Frameworks";
			outputPaths = (
				"${TARGET_BUILD_DIR}/${FRAMEWORKS_FOLDER_PATH}/Alamofire.framework",
				"${TARGET_BUILD_DIR}/${FRAMEWORKS_FOLDER_PATH}/SimplePDF.framework",
			);
			runOnlyForDeploymentPostprocessing = 0;
			shellPath = /bin/sh;
			shellScript = "\"${SRCROOT}/Pods/Target Support Files/Pods-Oblate/Pods-Oblate-frameworks.sh\"\n";
			showEnvVarsInLog = 0;
		};
		6FB8DBD63056A2F5029FC35B /* [CP] Check Pods Manifest.lock */ = {
			isa = PBXShellScriptBuildPhase;
			buildActionMask = 2147483647;
			files = (
			);
			inputPaths = (
				"${PODS_PODFILE_DIR_PATH}/Podfile.lock",
				"${PODS_ROOT}/Manifest.lock",
			);
			name = "[CP] Check Pods Manifest.lock";
			outputPaths = (
				"$(DERIVED_FILE_DIR)/Pods-Oblate-checkManifestLockResult.txt",
			);
			runOnlyForDeploymentPostprocessing = 0;
			shellPath = /bin/sh;
			shellScript = "diff \"${PODS_PODFILE_DIR_PATH}/Podfile.lock\" \"${PODS_ROOT}/Manifest.lock\" > /dev/null\nif [ $? != 0 ] ; then\n    # print error to STDERR\n    echo \"error: The sandbox is not in sync with the Podfile.lock. Run 'pod install' or update your CocoaPods installation.\" >&2\n    exit 1\nfi\n# This output is used by Xcode 'outputs' to avoid re-running this script phase.\necho \"SUCCESS\" > \"${SCRIPT_OUTPUT_FILE_0}\"\n";
			showEnvVarsInLog = 0;
		};
		8C3ACA772041AAD30056B4E8 /* ShellScript */ = {
			isa = PBXShellScriptBuildPhase;
			buildActionMask = 2147483647;
			files = (
			);
			inputPaths = (
				"$(SRCROOT)/Carthage/Build/iOS/LanguageTranslatorV2.framework",
			);
			outputPaths = (
			);
			runOnlyForDeploymentPostprocessing = 0;
			shellPath = /bin/sh;
			shellScript = "/usr/local/bin/carthage copy-frameworks";
		};
		FD27C35555E1F810FE00CB48 /* [CP] Copy Pods Resources */ = {
			isa = PBXShellScriptBuildPhase;
			buildActionMask = 2147483647;
			files = (
			);
			inputPaths = (
			);
			name = "[CP] Copy Pods Resources";
			outputPaths = (
			);
			runOnlyForDeploymentPostprocessing = 0;
			shellPath = /bin/sh;
			shellScript = "\"${SRCROOT}/Pods/Target Support Files/Pods-Oblate/Pods-Oblate-resources.sh\"\n";
			showEnvVarsInLog = 0;
		};
/* End PBXShellScriptBuildPhase section */

/* Begin PBXSourcesBuildPhase section */
		8C3ACA5220417F150056B4E8 /* Sources */ = {
			isa = PBXSourcesBuildPhase;
			buildActionMask = 2147483647;
			files = (
				8CE374D4204C86800095931A /* GalleryVC.swift in Sources */,
				8CCE257B20516A9900ED84BB /* RoundedSideButton.swift in Sources */,
				8C3ACA5C20417F150056B4E8 /* CameraVC.swift in Sources */,
				8C3ACA5A20417F150056B4E8 /* AppDelegate.swift in Sources */,
				8C4D9236205C2E6E002C1149 /* Oblate.xcdatamodeld in Sources */,
				8CE374D8204D2BF90095931A /* GalleryCell.swift in Sources */,
				8CCE259E2051D9C200ED84BB /* Title+CoreDataProperties copy.swift in Sources */,
				8CCE257D20518FCE00ED84BB /* languageArray.swift in Sources */,
				8CE374D6204C8C7C0095931A /* GridFlowLayout.swift in Sources */,
				8C0F0FA22050438D00ACB935 /* PickerVC.swift in Sources */,
				8C4D9238205ED03B002C1149 /* EditVC.swift in Sources */,
				8CCE259C2051D9C200ED84BB /* Image+CoreDataClass copy.swift in Sources */,
				8CCE259F2051D9C200ED84BB /* Image+CoreDataProperties copy.swift in Sources */,
				8C3ACA792041BE700056B4E8 /* ImagePreviewCircle.swift in Sources */,
				8C3ACA76204197D00056B4E8 /* SqueezeNet.mlmodel in Sources */,
				8CCE259D2051D9C200ED84BB /* Title+CoreDataClass copy.swift in Sources */,
				8CE374DA204D39F20095931A /* ImageVC.swift in Sources */,
				8C0F0FA420504BBC00ACB935 /* SettingsVC.swift in Sources */,
			);
			runOnlyForDeploymentPostprocessing = 0;
		};
/* End PBXSourcesBuildPhase section */

/* Begin PBXVariantGroup section */
		8C3ACA5D20417F150056B4E8 /* Main.storyboard */ = {
			isa = PBXVariantGroup;
			children = (
				8C3ACA5E20417F150056B4E8 /* Base */,
			);
			name = Main.storyboard;
			sourceTree = "<group>";
		};
		8C3ACA6520417F150056B4E8 /* LaunchScreen.storyboard */ = {
			isa = PBXVariantGroup;
			children = (
				8C3ACA6620417F150056B4E8 /* Base */,
			);
			name = LaunchScreen.storyboard;
			sourceTree = "<group>";
		};
/* End PBXVariantGroup section */

/* Begin XCBuildConfiguration section */
		8C3ACA6920417F150056B4E8 /* Debug */ = {
			isa = XCBuildConfiguration;
			buildSettings = {
				ALWAYS_SEARCH_USER_PATHS = NO;
				CLANG_ANALYZER_NONNULL = YES;
				CLANG_ANALYZER_NUMBER_OBJECT_CONVERSION = YES_AGGRESSIVE;
				CLANG_CXX_LANGUAGE_STANDARD = "gnu++14";
				CLANG_CXX_LIBRARY = "libc++";
				CLANG_ENABLE_MODULES = YES;
				CLANG_ENABLE_OBJC_ARC = YES;
				CLANG_WARN_BLOCK_CAPTURE_AUTORELEASING = YES;
				CLANG_WARN_BOOL_CONVERSION = YES;
				CLANG_WARN_COMMA = YES;
				CLANG_WARN_CONSTANT_CONVERSION = YES;
				CLANG_WARN_DIRECT_OBJC_ISA_USAGE = YES_ERROR;
				CLANG_WARN_DOCUMENTATION_COMMENTS = YES;
				CLANG_WARN_EMPTY_BODY = YES;
				CLANG_WARN_ENUM_CONVERSION = YES;
				CLANG_WARN_INFINITE_RECURSION = YES;
				CLANG_WARN_INT_CONVERSION = YES;
				CLANG_WARN_NON_LITERAL_NULL_CONVERSION = YES;
				CLANG_WARN_OBJC_LITERAL_CONVERSION = YES;
				CLANG_WARN_OBJC_ROOT_CLASS = YES_ERROR;
				CLANG_WARN_RANGE_LOOP_ANALYSIS = YES;
				CLANG_WARN_STRICT_PROTOTYPES = YES;
				CLANG_WARN_SUSPICIOUS_MOVE = YES;
				CLANG_WARN_UNGUARDED_AVAILABILITY = YES_AGGRESSIVE;
				CLANG_WARN_UNREACHABLE_CODE = YES;
				CLANG_WARN__DUPLICATE_METHOD_MATCH = YES;
				CODE_SIGN_IDENTITY = "iPhone Developer";
				COPY_PHASE_STRIP = NO;
				DEBUG_INFORMATION_FORMAT = dwarf;
				ENABLE_STRICT_OBJC_MSGSEND = YES;
				ENABLE_TESTABILITY = YES;
				GCC_C_LANGUAGE_STANDARD = gnu11;
				GCC_DYNAMIC_NO_PIC = NO;
				GCC_NO_COMMON_BLOCKS = YES;
				GCC_OPTIMIZATION_LEVEL = 0;
				GCC_PREPROCESSOR_DEFINITIONS = (
					"DEBUG=1",
					"$(inherited)",
				);
				GCC_WARN_64_TO_32_BIT_CONVERSION = YES;
				GCC_WARN_ABOUT_RETURN_TYPE = YES_ERROR;
				GCC_WARN_UNDECLARED_SELECTOR = YES;
				GCC_WARN_UNINITIALIZED_AUTOS = YES_AGGRESSIVE;
				GCC_WARN_UNUSED_FUNCTION = YES;
				GCC_WARN_UNUSED_VARIABLE = YES;
				IPHONEOS_DEPLOYMENT_TARGET = 10.3;
				MTL_ENABLE_DEBUG_INFO = YES;
				ONLY_ACTIVE_ARCH = YES;
				SDKROOT = iphoneos;
				SWIFT_ACTIVE_COMPILATION_CONDITIONS = DEBUG;
				SWIFT_OPTIMIZATION_LEVEL = "-Onone";
			};
			name = Debug;
		};
		8C3ACA6A20417F150056B4E8 /* Release */ = {
			isa = XCBuildConfiguration;
			buildSettings = {
				ALWAYS_SEARCH_USER_PATHS = NO;
				CLANG_ANALYZER_NONNULL = YES;
				CLANG_ANALYZER_NUMBER_OBJECT_CONVERSION = YES_AGGRESSIVE;
				CLANG_CXX_LANGUAGE_STANDARD = "gnu++14";
				CLANG_CXX_LIBRARY = "libc++";
				CLANG_ENABLE_MODULES = YES;
				CLANG_ENABLE_OBJC_ARC = YES;
				CLANG_WARN_BLOCK_CAPTURE_AUTORELEASING = YES;
				CLANG_WARN_BOOL_CONVERSION = YES;
				CLANG_WARN_COMMA = YES;
				CLANG_WARN_CONSTANT_CONVERSION = YES;
				CLANG_WARN_DIRECT_OBJC_ISA_USAGE = YES_ERROR;
				CLANG_WARN_DOCUMENTATION_COMMENTS = YES;
				CLANG_WARN_EMPTY_BODY = YES;
				CLANG_WARN_ENUM_CONVERSION = YES;
				CLANG_WARN_INFINITE_RECURSION = YES;
				CLANG_WARN_INT_CONVERSION = YES;
				CLANG_WARN_NON_LITERAL_NULL_CONVERSION = YES;
				CLANG_WARN_OBJC_LITERAL_CONVERSION = YES;
				CLANG_WARN_OBJC_ROOT_CLASS = YES_ERROR;
				CLANG_WARN_RANGE_LOOP_ANALYSIS = YES;
				CLANG_WARN_STRICT_PROTOTYPES = YES;
				CLANG_WARN_SUSPICIOUS_MOVE = YES;
				CLANG_WARN_UNGUARDED_AVAILABILITY = YES_AGGRESSIVE;
				CLANG_WARN_UNREACHABLE_CODE = YES;
				CLANG_WARN__DUPLICATE_METHOD_MATCH = YES;
				CODE_SIGN_IDENTITY = "iPhone Developer";
				COPY_PHASE_STRIP = NO;
				DEBUG_INFORMATION_FORMAT = "dwarf-with-dsym";
				ENABLE_NS_ASSERTIONS = NO;
				ENABLE_STRICT_OBJC_MSGSEND = YES;
				GCC_C_LANGUAGE_STANDARD = gnu11;
				GCC_NO_COMMON_BLOCKS = YES;
				GCC_WARN_64_TO_32_BIT_CONVERSION = YES;
				GCC_WARN_ABOUT_RETURN_TYPE = YES_ERROR;
				GCC_WARN_UNDECLARED_SELECTOR = YES;
				GCC_WARN_UNINITIALIZED_AUTOS = YES_AGGRESSIVE;
				GCC_WARN_UNUSED_FUNCTION = YES;
				GCC_WARN_UNUSED_VARIABLE = YES;
				IPHONEOS_DEPLOYMENT_TARGET = 10.3;
				MTL_ENABLE_DEBUG_INFO = NO;
				SDKROOT = iphoneos;
				SWIFT_OPTIMIZATION_LEVEL = "-Owholemodule";
				VALIDATE_PRODUCT = YES;
			};
			name = Release;
		};
		8C3ACA6C20417F150056B4E8 /* Debug */ = {
			isa = XCBuildConfiguration;
			baseConfigurationReference = 8DEEB976A6AD0ED10CC010FE /* Pods-Oblate.debug.xcconfig */;
			buildSettings = {
				ASSETCATALOG_COMPILER_APPICON_NAME = AppIcon;
				CODE_SIGN_STYLE = Automatic;
				DEVELOPMENT_TEAM = WZZ5MUDVKJ;
				FRAMEWORK_SEARCH_PATHS = (
					"$(inherited)",
					"$(PROJECT_DIR)/Carthage/Build/iOS",
				);
				INFOPLIST_FILE = Oblate/Info.plist;
				IPHONEOS_DEPLOYMENT_TARGET = 10.3;
				LD_RUNPATH_SEARCH_PATHS = "$(inherited) @executable_path/Frameworks";
				PRODUCT_BUNDLE_IDENTIFIER = com.Trevorsapps.Oblate;
				PRODUCT_NAME = "$(TARGET_NAME)";
				SWIFT_VERSION = 4.0;
				TARGETED_DEVICE_FAMILY = "1,2";
			};
			name = Debug;
		};
		8C3ACA6D20417F150056B4E8 /* Release */ = {
			isa = XCBuildConfiguration;
			baseConfigurationReference = 7B177540CDC321C567C1BE0C /* Pods-Oblate.release.xcconfig */;
			buildSettings = {
				ASSETCATALOG_COMPILER_APPICON_NAME = AppIcon;
				CODE_SIGN_STYLE = Automatic;
				DEVELOPMENT_TEAM = WZZ5MUDVKJ;
				FRAMEWORK_SEARCH_PATHS = (
					"$(inherited)",
					"$(PROJECT_DIR)/Carthage/Build/iOS",
				);
				INFOPLIST_FILE = Oblate/Info.plist;
				IPHONEOS_DEPLOYMENT_TARGET = 10.3;
				LD_RUNPATH_SEARCH_PATHS = "$(inherited) @executable_path/Frameworks";
				PRODUCT_BUNDLE_IDENTIFIER = com.Trevorsapps.Oblate;
				PRODUCT_NAME = "$(TARGET_NAME)";
				SWIFT_VERSION = 4.0;
				TARGETED_DEVICE_FAMILY = "1,2";
			};
			name = Release;
		};
/* End XCBuildConfiguration section */

/* Begin XCConfigurationList section */
		8C3ACA5120417F150056B4E8 /* Build configuration list for PBXProject "Oblate" */ = {
			isa = XCConfigurationList;
			buildConfigurations = (
				8C3ACA6920417F150056B4E8 /* Debug */,
				8C3ACA6A20417F150056B4E8 /* Release */,
			);
			defaultConfigurationIsVisible = 0;
			defaultConfigurationName = Release;
		};
		8C3ACA6B20417F150056B4E8 /* Build configuration list for PBXNativeTarget "Oblate" */ = {
			isa = XCConfigurationList;
			buildConfigurations = (
				8C3ACA6C20417F150056B4E8 /* Debug */,
				8C3ACA6D20417F150056B4E8 /* Release */,
			);
			defaultConfigurationIsVisible = 0;
			defaultConfigurationName = Release;
		};
/* End XCConfigurationList section */

/* Begin XCVersionGroup section */
		8C4D9234205C2E6E002C1149 /* Oblate.xcdatamodeld */ = {
			isa = XCVersionGroup;
			children = (
				8C4D9235205C2E6E002C1149 /* Oblate.xcdatamodel */,
			);
			currentVersion = 8C4D9235205C2E6E002C1149 /* Oblate.xcdatamodel */;
			path = Oblate.xcdatamodeld;
			sourceTree = "<group>";
			versionGroupType = wrapper.xcdatamodel;
		};
/* End XCVersionGroup section */
	};
	rootObject = 8C3ACA4E20417F150056B4E8 /* Project object */;
}
